
Microsoft Visual Studio Solution File, Format Version 12.00
# Visual Studio Version 17
VisualStudioVersion = 17.8.34511.84
MinimumVisualStudioVersion = 10.0.40219.1
Project("{FAE04EC0-301F-11D3-BF4B-00C04F79EFBC}") = "LaboratorioFinal", "LaboratorioFinal\LaboratorioFinal.csproj", "{9E393ECC-551B-45B8-8001-182D82D1C42F}"
EndProject
Global
	GlobalSection(SolutionConfigurationPlatforms) = preSolution
		Debug|Any CPU = Debug|Any CPU
		Release|Any CPU = Release|Any CPU
	EndGlobalSection
	GlobalSection(ProjectConfigurationPlatforms) = postSolution
		{9E393ECC-551B-45B8-8001-182D82D1C42F}.Debug|Any CPU.ActiveCfg = Debug|Any CPU
		{9E393ECC-551B-45B8-8001-182D82D1C42F}.Debug|Any CPU.Build.0 = Debug|Any CPU
		{9E393ECC-551B-45B8-8001-182D82D1C42F}.Release|Any CPU.ActiveCfg = Release|Any CPU
		{9E393ECC-551B-45B8-8001-182D82D1C42F}.Release|Any CPU.Build.0 = Release|Any CPU
	EndGlobalSection
	GlobalSection(SolutionProperties) = preSolution
		HideSolutionNode = FALSE
	EndGlobalSection
	GlobalSection(ExtensibilityGlobals) = postSolution
		SolutionGuid = {CD006F8A-DB66-4355-A6D1-3F7827D04A0C}
	EndGlobalSection
EndGlobal
